
Microsoft Visual Studio Solution File, Format Version 12.00
# Visual Studio Version 17
VisualStudioVersion = 17.0.31903.59
MinimumVisualStudioVersion = 10.0.40219.1
Project("{9A19103F-16F7-4668-BE54-9A1E7A4F7556}") = "App", "src\App\App.csproj", "{983E1AD9-D2BD-4A8D-B86B-F0C052447304}"
EndProject
Project("{9A19103F-16F7-4668-BE54-9A1E7A4F7556}") = "Domain", "src\Domain\Domain.csproj", "{52C345D4-DA90-446A-840F-AD6B67B293DB}"
EndProject
Project("{FAE04EC0-301F-11D3-BF4B-00C04F79EFBC}") = "Domain.Tests", "Domain.Tests\Domain.Tests.csproj", "{DC573FAC-F993-42D3-867C-468FFB4244B5}"
EndProject
Global
	GlobalSection(SolutionConfigurationPlatforms) = preSolution
		Debug|Any CPU = Debug|Any CPU
		Release|Any CPU = Release|Any CPU
	EndGlobalSection
	GlobalSection(ProjectConfigurationPlatforms) = postSolution
		{983E1AD9-D2BD-4A8D-B86B-F0C052447304}.Debug|Any CPU.ActiveCfg = Debug|Any CPU
		{983E1AD9-D2BD-4A8D-B86B-F0C052447304}.Debug|Any CPU.Build.0 = Debug|Any CPU
		{983E1AD9-D2BD-4A8D-B86B-F0C052447304}.Release|Any CPU.ActiveCfg = Release|Any CPU
		{983E1AD9-D2BD-4A8D-B86B-F0C052447304}.Release|Any CPU.Build.0 = Release|Any CPU
		{52C345D4-DA90-446A-840F-AD6B67B293DB}.Debug|Any CPU.ActiveCfg = Debug|Any CPU
		{52C345D4-DA90-446A-840F-AD6B67B293DB}.Debug|Any CPU.Build.0 = Debug|Any CPU
		{52C345D4-DA90-446A-840F-AD6B67B293DB}.Release|Any CPU.ActiveCfg = Release|Any CPU
		{52C345D4-DA90-446A-840F-AD6B67B293DB}.Release|Any CPU.Build.0 = Release|Any CPU
		{DC573FAC-F993-42D3-867C-468FFB4244B5}.Debug|Any CPU.ActiveCfg = Debug|Any CPU
		{DC573FAC-F993-42D3-867C-468FFB4244B5}.Debug|Any CPU.Build.0 = Debug|Any CPU
		{DC573FAC-F993-42D3-867C-468FFB4244B5}.Release|Any CPU.ActiveCfg = Release|Any CPU
		{DC573FAC-F993-42D3-867C-468FFB4244B5}.Release|Any CPU.Build.0 = Release|Any CPU
	EndGlobalSection
	GlobalSection(SolutionProperties) = preSolution
		HideSolutionNode = FALSE
	EndGlobalSection
	GlobalSection(ExtensibilityGlobals) = postSolution
		SolutionGuid = {6EC03637-AF39-4921-AB16-DED68B106A81}
	EndGlobalSection
EndGlobal
